
Microsoft Visual Studio Solution File, Format Version 12.00
# Visual Studio Version 16
VisualStudioVersion = 16.0.31729.503
MinimumVisualStudioVersion = 10.0.40219.1
Project("{FAE04EC0-301F-11D3-BF4B-00C04F79EFBC}") = "LibrarySite", "LibrarySite\LibrarySite.csproj", "{B4E1A105-F8DB-4D64-9FDD-E2B0D885E5CA}"
EndProject
Global
	GlobalSection(SolutionConfigurationPlatforms) = preSolution
		Debug|Any CPU = Debug|Any CPU
		Release|Any CPU = Release|Any CPU
	EndGlobalSection
	GlobalSection(ProjectConfigurationPlatforms) = postSolution
		{B4E1A105-F8DB-4D64-9FDD-E2B0D885E5CA}.Debug|Any CPU.ActiveCfg = Debug|Any CPU
		{B4E1A105-F8DB-4D64-9FDD-E2B0D885E5CA}.Debug|Any CPU.Build.0 = Debug|Any CPU
		{B4E1A105-F8DB-4D64-9FDD-E2B0D885E5CA}.Release|Any CPU.ActiveCfg = Release|Any CPU
		{B4E1A105-F8DB-4D64-9FDD-E2B0D885E5CA}.Release|Any CPU.Build.0 = Release|Any CPU
	EndGlobalSection
	GlobalSection(SolutionProperties) = preSolution
		HideSolutionNode = FALSE
	EndGlobalSection
	GlobalSection(ExtensibilityGlobals) = postSolution
		SolutionGuid = {12FD5274-67E2-4AB2-9CE7-AEE0775419C3}
	EndGlobalSection
EndGlobal
